// !$*UTF8*$!
{
	archiveVersion = 1;
	classes = {
	};
	objectVersion = 46;
	objects = {

/* Begin PBXBuildFile section */
		CC4C5D451D5DF20C009F7802 /* main.m in Sources */ = {isa = PBXBuildFile; fileRef = CC4C5D441D5DF20C009F7802 /* main.m */; };
		CC4C5D481D5DF20C009F7802 /* AppDelegate.m in Sources */ = {isa = PBXBuildFile; fileRef = CC4C5D471D5DF20C009F7802 /* AppDelegate.m */; };
		CC4C5D4B1D5DF20C009F7802 /* ViewController.m in Sources */ = {isa = PBXBuildFile; fileRef = CC4C5D4A1D5DF20C009F7802 /* ViewController.m */; };
		CC4C5D4E1D5DF20C009F7802 /* Main.storyboard in Resources */ = {isa = PBXBuildFile; fileRef = CC4C5D4C1D5DF20C009F7802 /* Main.storyboard */; };
		CC4C5D501D5DF20C009F7802 /* Assets.xcassets in Resources */ = {isa = PBXBuildFile; fileRef = CC4C5D4F1D5DF20C009F7802 /* Assets.xcassets */; };
		CC4C5D531D5DF20C009F7802 /* LaunchScreen.storyboard in Resources */ = {isa = PBXBuildFile; fileRef = CC4C5D511D5DF20C009F7802 /* LaunchScreen.storyboard */; };
		CC4C5D5E1D5DF20C009F7802 /* projectTests.m in Sources */ = {isa = PBXBuildFile; fileRef = CC4C5D5D1D5DF20C009F7802 /* projectTests.m */; };
		CC4C5D691D5DF20D009F7802 /* projectUITests.m in Sources */ = {isa = PBXBuildFile; fileRef = CC4C5D681D5DF20D009F7802 /* projectUITests.m */; };
/* End PBXBuildFile section */

/* Begin PBXContainerItemProxy section */
		CC4C5D5A1D5DF20C009F7802 /* PBXContainerItemProxy */ = {
			isa = PBXContainerItemProxy;
			containerPortal = CC4C5D381D5DF20C009F7802 /* Project object */;
			proxyType = 1;
			remoteGlobalIDString = CC4C5D3F1D5DF20C009F7802;
			remoteInfo = project;
		};
		CC4C5D651D5DF20D009F7802 /* PBXContainerItemProxy */ = {
			isa = PBXContainerItemProxy;
			containerPortal = CC4C5D381D5DF20C009F7802 /* Project object */;
			proxyType = 1;
			remoteGlobalIDString = CC4C5D3F1D5DF20C009F7802;
			remoteInfo = project;
		};
/* End PBXContainerItemProxy section */

/* Begin PBXFileReference section */
		CC4C5D401D5DF20C009F7802 /* project.app */ = {isa = PBXFileReference; explicitFileType = wrapper.application; includeInIndex = 0; path = project.app; sourceTree = BUILT_PRODUCTS_DIR; };
		CC4C5D441D5DF20C009F7802 /* main.m */ = {isa = PBXFileReference; lastKnownFileType = sourcecode.c.objc; path = main.m; sourceTree = "<group>"; };
		CC4C5D461D5DF20C009F7802 /* AppDelegate.h */ = {isa = PBXFileReference; lastKnownFileType = sourcecode.c.h; path = AppDelegate.h; sourceTree = "<group>"; };
		CC4C5D471D5DF20C009F7802 /* AppDelegate.m */ = {isa = PBXFileReference; lastKnownFileType = sourcecode.c.objc; path = AppDelegate.m; sourceTree = "<group>"; };
		CC4C5D491D5DF20C009F7802 /* ViewController.h */ = {isa = PBXFileReference; lastKnownFileType = sourcecode.c.h; path = ViewController.h; sourceTree = "<group>"; };
		CC4C5D4A1D5DF20C009F7802 /* ViewController.m */ = {isa = PBXFileReference; lastKnownFileType = sourcecode.c.objc; path = ViewController.m; sourceTree = "<group>"; };
		CC4C5D4D1D5DF20C009F7802 /* Base */ = {isa = PBXFileReference; lastKnownFileType = file.storyboard; name = Base; path = Base.lproj/Main.storyboard; sourceTree = "<group>"; };
		CC4C5D4F1D5DF20C009F7802 /* Assets.xcassets */ = {isa = PBXFileReference; lastKnownFileType = folder.assetcatalog; path = Assets.xcassets; sourceTree = "<group>"; };
		CC4C5D521D5DF20C009F7802 /* Base */ = {isa = PBXFileReference; lastKnownFileType = file.storyboard; name = Base; path = Base.lproj/LaunchScreen.storyboard; sourceTree = "<group>"; };
		CC4C5D541D5DF20C009F7802 /* Info.plist */ = {isa = PBXFileReference; lastKnownFileType = text.plist.xml; path = Info.plist; sourceTree = "<group>"; };
		CC4C5D591D5DF20C009F7802 /* projectTests.xctest */ = {isa = PBXFileReference; explicitFileType = wrapper.cfbundle; includeInIndex = 0; path = projectTests.xctest; sourceTree = BUILT_PRODUCTS_DIR; };
		CC4C5D5D1D5DF20C009F7802 /* projectTests.m */ = {isa = PBXFileReference; lastKnownFileType = sourcecode.c.objc; path = projectTests.m; sourceTree = "<group>"; };
		CC4C5D5F1D5DF20C009F7802 /* Info.plist */ = {isa = PBXFileReference; lastKnownFileType = text.plist.xml; path = Info.plist; sourceTree = "<group>"; };
		CC4C5D641D5DF20D009F7802 /* projectUITests.xctest */ = {isa = PBXFileReference; explicitFileType = wrapper.cfbundle; includeInIndex = 0; path = projectUITests.xctest; sourceTree = BUILT_PRODUCTS_DIR; };
		CC4C5D681D5DF20D009F7802 /* projectUITests.m */ = {isa = PBXFileReference; lastKnownFileType = sourcecode.c.objc; path = projectUITests.m; sourceTree = "<group>"; };
		CC4C5D6A1D5DF20D009F7802 /* Info.plist */ = {isa = PBXFileReference; lastKnownFileType = text.plist.xml; path = Info.plist; sourceTree = "<group>"; };
/* End PBXFileReference section */

/* Begin PBXFrameworksBuildPhase section */
		CC4C5D3D1D5DF20C009F7802 /* Frameworks */ = {
			isa = PBXFrameworksBuildPhase;
			buildActionMask = 2147483647;
			files = (
			);
			runOnlyForDeploymentPostprocessing = 0;
		};
		CC4C5D561D5DF20C009F7802 /* Frameworks */ = {
			isa = PBXFrameworksBuildPhase;
			buildActionMask = 2147483647;
			files = (
			);
			runOnlyForDeploymentPostprocessing = 0;
		};
		CC4C5D611D5DF20C009F7802 /* Frameworks */ = {
			isa = PBXFrameworksBuildPhase;
			buildActionMask = 2147483647;
			files = (
			);
			runOnlyForDeploymentPostprocessing = 0;
		};
/* End PBXFrameworksBuildPhase section */

/* Begin PBXGroup section */
		CC4C5D371D5DF20C009F7802 = {
			isa = PBXGroup;
			children = (
				CC4C5D421D5DF20C009F7802 /* project */,
				CC4C5D5C1D5DF20C009F7802 /* projectTests */,
				CC4C5D671D5DF20D009F7802 /* projectUITests */,
				CC4C5D411D5DF20C009F7802 /* Products */,
			);
			sourceTree = "<group>";
		};
		CC4C5D411D5DF20C009F7802 /* Products */ = {
			isa = PBXGroup;
			children = (
				CC4C5D401D5DF20C009F7802 /* project.app */,
				CC4C5D591D5DF20C009F7802 /* projectTests.xctest */,
				CC4C5D641D5DF20D009F7802 /* projectUITests.xctest */,
			);
			name = Products;
			sourceTree = "<group>";
		};
		CC4C5D421D5DF20C009F7802 /* project */ = {
			isa = PBXGroup;
			children = (
				CC4C5D461D5DF20C009F7802 /* AppDelegate.h */,
				CC4C5D471D5DF20C009F7802 /* AppDelegate.m */,
				CC4C5D491D5DF20C009F7802 /* ViewController.h */,
				CC4C5D4A1D5DF20C009F7802 /* ViewController.m */,
				CC4C5D4C1D5DF20C009F7802 /* Main.storyboard */,
				CC4C5D431D5DF20C009F7802 /* Supporting Files */,
			);
			path = project;
			sourceTree = "<group>";
		};
		CC4C5D431D5DF20C009F7802 /* Supporting Files */ = {
			isa = PBXGroup;
			children = (
				CC4C5D4F1D5DF20C009F7802 /* Assets.xcassets */,
				CC4C5D511D5DF20C009F7802 /* LaunchScreen.storyboard */,
				CC4C5D541D5DF20C009F7802 /* Info.plist */,
				CC4C5D441D5DF20C009F7802 /* main.m */,
			);
			name = "Supporting Files";
			sourceTree = "<group>";
		};
		CC4C5D5C1D5DF20C009F7802 /* projectTests */ = {
			isa = PBXGroup;
			children = (
				CC4C5D5D1D5DF20C009F7802 /* projectTests.m */,
				CC4C5D5F1D5DF20C009F7802 /* Info.plist */,
			);
			path = projectTests;
			sourceTree = "<group>";
		};
		CC4C5D671D5DF20D009F7802 /* projectUITests */ = {
			isa = PBXGroup;
			children = (
				CC4C5D681D5DF20D009F7802 /* projectUITests.m */,
				CC4C5D6A1D5DF20D009F7802 /* Info.plist */,
			);
			path = projectUITests;
			sourceTree = "<group>";
		};
/* End PBXGroup section */

/* Begin PBXNativeTarget section */
		CC4C5D3F1D5DF20C009F7802 /* project */ = {
			isa = PBXNativeTarget;
			buildConfigurationList = CC4C5D6D1D5DF20D009F7802 /* Build configuration list for PBXNativeTarget "project" */;
			buildPhases = (
				CC4C5D3C1D5DF20C009F7802 /* Sources */,
				CC4C5D3D1D5DF20C009F7802 /* Frameworks */,
				CC4C5D3E1D5DF20C009F7802 /* Resources */,
			);
			buildRules = (
			);
			dependencies = (
			);
			name = project;
			productName = project;
			productReference = CC4C5D401D5DF20C009F7802 /* project.app */;
			productType = "com.apple.product-type.application";
		};
		CC4C5D581D5DF20C009F7802 /* projectTests */ = {
			isa = PBXNativeTarget;
			buildConfigurationList = CC4C5D701D5DF20D009F7802 /* Build configuration list for PBXNativeTarget "projectTests" */;
			buildPhases = (
				CC4C5D551D5DF20C009F7802 /* Sources */,
				CC4C5D561D5DF20C009F7802 /* Frameworks */,
				CC4C5D571D5DF20C009F7802 /* Resources */,
			);
			buildRules = (
			);
			dependencies = (
				CC4C5D5B1D5DF20C009F7802 /* PBXTargetDependency */,
			);
			name = projectTests;
			productName = projectTests;
			productReference = CC4C5D591D5DF20C009F7802 /* projectTests.xctest */;
			productType = "com.apple.product-type.bundle.unit-test";
		};
		CC4C5D631D5DF20C009F7802 /* projectUITests */ = {
			isa = PBXNativeTarget;
			buildConfigurationList = CC4C5D731D5DF20D009F7802 /* Build configuration list for PBXNativeTarget "projectUITests" */;
			buildPhases = (
				CC4C5D601D5DF20C009F7802 /* Sources */,
				CC4C5D611D5DF20C009F7802 /* Frameworks */,
				CC4C5D621D5DF20C009F7802 /* Resources */,
			);
			buildRules = (
			);
			dependencies = (
				CC4C5D661D5DF20D009F7802 /* PBXTargetDependency */,
			);
			name = projectUITests;
			productName = projectUITests;
			productReference = CC4C5D641D5DF20D009F7802 /* projectUITests.xctest */;
			productType = "com.apple.product-type.bundle.ui-testing";
		};
/* End PBXNativeTarget section */

/* Begin PBXProject section */
		CC4C5D381D5DF20C009F7802 /* Project object */ = {
			isa = PBXProject;
			attributes = {
				LastUpgradeCheck = 0730;
				ORGANIZATIONNAME = Jack_yy;
				TargetAttributes = {
					CC4C5D3F1D5DF20C009F7802 = {
						CreatedOnToolsVersion = 7.3;
					};
					CC4C5D581D5DF20C009F7802 = {
						CreatedOnToolsVersion = 7.3;
						TestTargetID = CC4C5D3F1D5DF20C009F7802;
					};
					CC4C5D631D5DF20C009F7802 = {
						CreatedOnToolsVersion = 7.3;
						TestTargetID = CC4C5D3F1D5DF20C009F7802;
					};
				};
			};
			buildConfigurationList = CC4C5D3B1D5DF20C009F7802 /* Build configuration list for PBXProject "project" */;
			compatibilityVersion = "Xcode 3.2";
			developmentRegion = English;
			hasScannedForEncodings = 0;
			knownRegions = (
				en,
				Base,
			);
			mainGroup = CC4C5D371D5DF20C009F7802;
			productRefGroup = CC4C5D411D5DF20C009F7802 /* Products */;
			projectDirPath = "";
			projectRoot = "";
			targets = (
				CC4C5D3F1D5DF20C009F7802 /* project */,
				CC4C5D581D5DF20C009F7802 /* projectTests */,
				CC4C5D631D5DF20C009F7802 /* projectUITests */,
			);
		};
/* End PBXProject section */

/* Begin PBXResourcesBuildPhase section */
		CC4C5D3E1D5DF20C009F7802 /* Resources */ = {
			isa = PBXResourcesBuildPhase;
			buildActionMask = 2147483647;
			files = (
				CC4C5D531D5DF20C009F7802 /* LaunchScreen.storyboard in Resources */,
				CC4C5D501D5DF20C009F7802 /* Assets.xcassets in Resources */,
				CC4C5D4E1D5DF20C009F7802 /* Main.storyboard in Resources */,
			);
			runOnlyForDeploymentPostprocessing = 0;
		};
		CC4C5D571D5DF20C009F7802 /* Resources */ = {
			isa = PBXResourcesBuildPhase;
			buildActionMask = 2147483647;
			files = (
			);
			runOnlyForDeploymentPostprocessing = 0;
		};
		CC4C5D621D5DF20C009F7802 /* Resources */ = {
			isa = PBXResourcesBuildPhase;
			buildActionMask = 2147483647;
			files = (
			);
			runOnlyForDeploymentPostprocessing = 0;
		};
/* End PBXResourcesBuildPhase section */

/* Begin PBXSourcesBuildPhase section */
		CC4C5D3C1D5DF20C009F7802 /* Sources */ = {
			isa = PBXSourcesBuildPhase;
			buildActionMask = 2147483647;
			files = (
				CC4C5D4B1D5DF20C009F7802 /* ViewController.m in Sources */,
				CC4C5D481D5DF20C009F7802 /* AppDelegate.m in Sources */,
				CC4C5D451D5DF20C009F7802 /* main.m in Sources */,
			);
			runOnlyForDeploymentPostprocessing = 0;
		};
		CC4C5D551D5DF20C009F7802 /* Sources */ = {
			isa = PBXSourcesBuildPhase;
			buildActionMask = 2147483647;
			files = (
				CC4C5D5E1D5DF20C009F7802 /* projectTests.m in Sources */,
			);
			runOnlyForDeploymentPostprocessing = 0;
		};
		CC4C5D601D5DF20C009F7802 /* Sources */ = {
			isa = PBXSourcesBuildPhase;
			buildActionMask = 2147483647;
			files = (
				CC4C5D691D5DF20D009F7802 /* projectUITests.m in Sources */,
			);
			runOnlyForDeploymentPostprocessing = 0;
		};
/* End PBXSourcesBuildPhase section */

/* Begin PBXTargetDependency section */
		CC4C5D5B1D5DF20C009F7802 /* PBXTargetDependency */ = {
			isa = PBXTargetDependency;
			target = CC4C5D3F1D5DF20C009F7802 /* project */;
			targetProxy = CC4C5D5A1D5DF20C009F7802 /* PBXContainerItemProxy */;
		};
		CC4C5D661D5DF20D009F7802 /* PBXTargetDependency */ = {
			isa = PBXTargetDependency;
			target = CC4C5D3F1D5DF20C009F7802 /* project */;
			targetProxy = CC4C5D651D5DF20D009F7802 /* PBXContainerItemProxy */;
		};
/* End PBXTargetDependency section */

/* Begin PBXVariantGroup section */
		CC4C5D4C1D5DF20C009F7802 /* Main.storyboard */ = {
			isa = PBXVariantGroup;
			children = (
				CC4C5D4D1D5DF20C009F7802 /* Base */,
			);
			name = Main.storyboard;
			sourceTree = "<group>";
		};
		CC4C5D511D5DF20C009F7802 /* LaunchScreen.storyboard */ = {
			isa = PBXVariantGroup;
			children = (
				CC4C5D521D5DF20C009F7802 /* Base */,
			);
			name = LaunchScreen.storyboard;
			sourceTree = "<group>";
		};
/* End PBXVariantGroup section */

/* Begin XCBuildConfiguration section */
		CC4C5D6B1D5DF20D009F7802 /* Debug */ = {
			isa = XCBuildConfiguration;
			buildSettings = {
				ALWAYS_SEARCH_USER_PATHS = NO;
				CLANG_ANALYZER_NONNULL = YES;
				CLANG_CXX_LANGUAGE_STANDARD = "gnu++0x";
				CLANG_CXX_LIBRARY = "libc++";
				CLANG_ENABLE_MODULES = YES;
				CLANG_ENABLE_OBJC_ARC = YES;
				CLANG_WARN_BOOL_CONVERSION = YES;
				CLANG_WARN_CONSTANT_CONVERSION = YES;
				CLANG_WARN_DIRECT_OBJC_ISA_USAGE = YES_ERROR;
				CLANG_WARN_EMPTY_BODY = YES;
				CLANG_WARN_ENUM_CONVERSION = YES;
				CLANG_WARN_INT_CONVERSION = YES;
				CLANG_WARN_OBJC_ROOT_CLASS = YES_ERROR;
				CLANG_WARN_UNREACHABLE_CODE = YES;
				CLANG_WARN__DUPLICATE_METHOD_MATCH = YES;
				"CODE_SIGN_IDENTITY[sdk=iphoneos*]" = "iPhone Developer";
				COPY_PHASE_STRIP = NO;
				DEBUG_INFORMATION_FORMAT = dwarf;
				ENABLE_STRICT_OBJC_MSGSEND = YES;
				ENABLE_TESTABILITY = YES;
				GCC_C_LANGUAGE_STANDARD = gnu99;
				GCC_DYNAMIC_NO_PIC = NO;
				GCC_NO_COMMON_BLOCKS = YES;
				GCC_OPTIMIZATION_LEVEL = 0;
				GCC_PREPROCESSOR_DEFINITIONS = (
					"DEBUG=1",
					"$(inherited)",
				);
				GCC_WARN_64_TO_32_BIT_CONVERSION = YES;
				GCC_WARN_ABOUT_RETURN_TYPE = YES_ERROR;
				GCC_WARN_UNDECLARED_SELECTOR = YES;
				GCC_WARN_UNINITIALIZED_AUTOS = YES_AGGRESSIVE;
				GCC_WARN_UNUSED_FUNCTION = YES;
				GCC_WARN_UNUSED_VARIABLE = YES;
				IPHONEOS_DEPLOYMENT_TARGET = 9.3;
				MTL_ENABLE_DEBUG_INFO = YES;
				ONLY_ACTIVE_ARCH = YES;
				SDKROOT = iphoneos;
				TARGETED_DEVICE_FAMILY = "1,2";
			};
			name = Debug;
		};
		CC4C5D6C1D5DF20D009F7802 /* Release */ = {
			isa = XCBuildConfiguration;
			buildSettings = {
				ALWAYS_SEARCH_USER_PATHS = NO;
				CLANG_ANALYZER_NONNULL = YES;
				CLANG_CXX_LANGUAGE_STANDARD = "gnu++0x";
				CLANG_CXX_LIBRARY = "libc++";
				CLANG_ENABLE_MODULES = YES;
				CLANG_ENABLE_OBJC_ARC = YES;
				CLANG_WARN_BOOL_CONVERSION = YES;
				CLANG_WARN_CONSTANT_CONVERSION = YES;
				CLANG_WARN_DIRECT_OBJC_ISA_USAGE = YES_ERROR;
				CLANG_WARN_EMPTY_BODY = YES;
				CLANG_WARN_ENUM_CONVERSION = YES;
				CLANG_WARN_INT_CONVERSION = YES;
				CLANG_WARN_OBJC_ROOT_CLASS = YES_ERROR;
				CLANG_WARN_UNREACHABLE_CODE = YES;
				CLANG_WARN__DUPLICATE_METHOD_MATCH = YES;
				"CODE_SIGN_IDENTITY[sdk=iphoneos*]" = "iPhone Developer";
				COPY_PHASE_STRIP = NO;
				DEBUG_INFORMATION_FORMAT = "dwarf-with-dsym";
				ENABLE_NS_ASSERTIONS = NO;
				ENABLE_STRICT_OBJC_MSGSEND = YES;
				GCC_C_LANGUAGE_STANDARD = gnu99;
				GCC_NO_COMMON_BLOCKS = YES;
				GCC_WARN_64_TO_32_BIT_CONVERSION = YES;
				GCC_WARN_ABOUT_RETURN_TYPE = YES_ERROR;
				GCC_WARN_UNDECLARED_SELECTOR = YES;
				GCC_WARN_UNINITIALIZED_AUTOS = YES_AGGRESSIVE;
				GCC_WARN_UNUSED_FUNCTION = YES;
				GCC_WARN_UNUSED_VARIABLE = YES;
				IPHONEOS_DEPLOYMENT_TARGET = 9.3;
				MTL_ENABLE_DEBUG_INFO = NO;
				SDKROOT = iphoneos;
				TARGETED_DEVICE_FAMILY = "1,2";
				VALIDATE_PRODUCT = YES;
			};
			name = Release;
		};
		CC4C5D6E1D5DF20D009F7802 /* Debug */ = {
			isa = XCBuildConfiguration;
			buildSettings = {
				ASSETCATALOG_COMPILER_APPICON_NAME = AppIcon;
				INFOPLIST_FILE = project/Info.plist;
				LD_RUNPATH_SEARCH_PATHS = "$(inherited) @executable_path/Frameworks";
				PRODUCT_BUNDLE_IDENTIFIER = com.qingyun.project;
				PRODUCT_NAME = "$(TARGET_NAME)";
			};
			name = Debug;
		};
		CC4C5D6F1D5DF20D009F7802 /* Release */ = {
			isa = XCBuildConfiguration;
			buildSettings = {
				ASSETCATALOG_COMPILER_APPICON_NAME = AppIcon;
				INFOPLIST_FILE = project/Info.plist;
				LD_RUNPATH_SEARCH_PATHS = "$(inherited) @executable_path/Frameworks";
				PRODUCT_BUNDLE_IDENTIFIER = com.qingyun.project;
				PRODUCT_NAME = "$(TARGET_NAME)";
			};
			name = Release;
		};
		CC4C5D711D5DF20D009F7802 /* Debug */ = {
			isa = XCBuildConfiguration;
			buildSettings = {
				BUNDLE_LOADER = "$(TEST_HOST)";
				INFOPLIST_FILE = projectTests/Info.plist;
				LD_RUNPATH_SEARCH_PATHS = "$(inherited) @executable_path/Frameworks @loader_path/Frameworks";
				PRODUCT_BUNDLE_IDENTIFIER = com.qingyun.projectTests;
				PRODUCT_NAME = "$(TARGET_NAME)";
				TEST_HOST = "$(BUILT_PRODUCTS_DIR)/project.app/project";
			};
			name = Debug;
		};
		CC4C5D721D5DF20D009F7802 /* Release */ = {
			isa = XCBuildConfiguration;
			buildSettings = {
				BUNDLE_LOADER = "$(TEST_HOST)";
				INFOPLIST_FILE = projectTests/Info.plist;
				LD_RUNPATH_SEARCH_PATHS = "$(inherited) @executable_path/Frameworks @loader_path/Frameworks";
				PRODUCT_BUNDLE_IDENTIFIER = com.qingyun.projectTests;
				PRODUCT_NAME = "$(TARGET_NAME)";
				TEST_HOST = "$(BUILT_PRODUCTS_DIR)/project.app/project";
			};
			name = Release;
		};
		CC4C5D741D5DF20D009F7802 /* Debug */ = {
			isa = XCBuildConfiguration;
			buildSettings = {
				INFOPLIST_FILE = projectUITests/Info.plist;
				LD_RUNPATH_SEARCH_PATHS = "$(inherited) @executable_path/Frameworks @loader_path/Frameworks";
				PRODUCT_BUNDLE_IDENTIFIER = com.qingyun.projectUITests;
				PRODUCT_NAME = "$(TARGET_NAME)";
				TEST_TARGET_NAME = project;
			};
			name = Debug;
		};
		CC4C5D751D5DF20D009F7802 /* Release */ = {
			isa = XCBuildConfiguration;
			buildSettings = {
				INFOPLIST_FILE = projectUITests/Info.plist;
				LD_RUNPATH_SEARCH_PATHS = "$(inherited) @executable_path/Frameworks @loader_path/Frameworks";
				PRODUCT_BUNDLE_IDENTIFIER = com.qingyun.projectUITests;
				PRODUCT_NAME = "$(TARGET_NAME)";
				TEST_TARGET_NAME = project;
			};
			name = Release;
		};
/* End XCBuildConfiguration section */

/* Begin XCConfigurationList section */
		CC4C5D3B1D5DF20C009F7802 /* Build configuration list for PBXProject "project" */ = {
			isa = XCConfigurationList;
			buildConfigurations = (
				CC4C5D6B1D5DF20D009F7802 /* Debug */,
				CC4C5D6C1D5DF20D009F7802 /* Release */,
			);
			defaultConfigurationIsVisible = 0;
			defaultConfigurationName = Release;
		};
		CC4C5D6D1D5DF20D009F7802 /* Build configuration list for PBXNativeTarget "project" */ = {
			isa = XCConfigurationList;
			buildConfigurations = (
				CC4C5D6E1D5DF20D009F7802 /* Debug */,
				CC4C5D6F1D5DF20D009F7802 /* Release */,
			);
			defaultConfigurationIsVisible = 0;
		};
		CC4C5D701D5DF20D009F7802 /* Build configuration list for PBXNativeTarget "projectTests" */ = {
			isa = XCConfigurationList;
			buildConfigurations = (
				CC4C5D711D5DF20D009F7802 /* Debug */,
				CC4C5D721D5DF20D009F7802 /* Release */,
			);
			defaultConfigurationIsVisible = 0;
		};
		CC4C5D731D5DF20D009F7802 /* Build configuration list for PBXNativeTarget "projectUITests" */ = {
			isa = XCConfigurationList;
			buildConfigurations = (
				CC4C5D741D5DF20D009F7802 /* Debug */,
				CC4C5D751D5DF20D009F7802 /* Release */,
			);
			defaultConfigurationIsVisible = 0;
		};
/* End XCConfigurationList section */
	};
	rootObject = CC4C5D381D5DF20C009F7802 /* Project object */;
}
